
Microsoft Visual Studio Solution File, Format Version 12.00
# Visual Studio Express 2012 for Web
Project("{F184B08F-C81C-45F6-A57F-5ABD9991F28F}") = "Sumo", "Sumo\Sumo.vbproj", "{20ED09A8-ABCC-4322-8EB6-D18639879FDC}"
EndProject
Global
	GlobalSection(SolutionConfigurationPlatforms) = preSolution
		Debug|Any CPU = Debug|Any CPU
		Release|Any CPU = Release|Any CPU
	EndGlobalSection
	GlobalSection(ProjectConfigurationPlatforms) = postSolution
		{20ED09A8-ABCC-4322-8EB6-D18639879FDC}.Debug|Any CPU.ActiveCfg = Debug|Any CPU
		{20ED09A8-ABCC-4322-8EB6-D18639879FDC}.Debug|Any CPU.Build.0 = Debug|Any CPU
		{20ED09A8-ABCC-4322-8EB6-D18639879FDC}.Release|Any CPU.ActiveCfg = Release|Any CPU
		{20ED09A8-ABCC-4322-8EB6-D18639879FDC}.Release|Any CPU.Build.0 = Release|Any CPU
	EndGlobalSection
	GlobalSection(SolutionProperties) = preSolution
		HideSolutionNode = FALSE
	EndGlobalSection
EndGlobal
